// !$*UTF8*$!
{
	archiveVersion = 1;
	classes = {
	};
	objectVersion = 48;
	objects = {

/* Begin PBXBuildFile section */
		5A869D1D214BB57100BB954D /* PipeLineCPP.mm in Sources */ = {isa = PBXBuildFile; fileRef = 5A869D1C214BB57100BB954D /* PipeLineCPP.mm */; };
		5A869D1E214BB57100BB954D /* PipeLineCPP.h in CopyFiles */ = {isa = PBXBuildFile; fileRef = 5A869D1B214BB57100BB954D /* PipeLineCPP.h */; };
		5A869D5A214BB5EC00BB954D /* interface_gpuimagecpp.cpp in Sources */ = {isa = PBXBuildFile; fileRef = 5A869D2C214BB5EC00BB954D /* interface_gpuimagecpp.cpp */; };
		5A869D5B214BB5EC00BB954D /* log.cpp in Sources */ = {isa = PBXBuildFile; fileRef = 5A869D30214BB5EC00BB954D /* log.cpp */; };
		5A869D5C214BB5EC00BB954D /* singleton.cpp in Sources */ = {isa = PBXBuildFile; fileRef = 5A869D32214BB5EC00BB954D /* singleton.cpp */; };
		5A869D5D214BB5EC00BB954D /* timer.cpp in Sources */ = {isa = PBXBuildFile; fileRef = 5A869D34214BB5EC00BB954D /* timer.cpp */; };
		5A869D5E214BB5EC00BB954D /* mult_window_filter.cpp in Sources */ = {isa = PBXBuildFile; fileRef = 5A869D37214BB5EC00BB954D /* mult_window_filter.cpp */; };
		5A869D5F214BB5EC00BB954D /* out_soul_filter.cpp in Sources */ = {isa = PBXBuildFile; fileRef = 5A869D39214BB5EC00BB954D /* out_soul_filter.cpp */; };
		5A869D60214BB5EC00BB954D /* shake_filter.cpp in Sources */ = {isa = PBXBuildFile; fileRef = 5A869D47214BB5EC00BB954D /* shake_filter.cpp */; };
		5A869D61214BB5EC00BB954D /* filter.cpp in Sources */ = {isa = PBXBuildFile; fileRef = 5A869D4A214BB5EC00BB954D /* filter.cpp */; };
		5A869D62214BB5EC00BB954D /* filters_manage.cpp in Sources */ = {isa = PBXBuildFile; fileRef = 5A869D4B214BB5EC00BB954D /* filters_manage.cpp */; };
		5A869D63214BB5EC00BB954D /* framebuffer.cpp in Sources */ = {isa = PBXBuildFile; fileRef = 5A869D4E214BB5EC00BB954D /* framebuffer.cpp */; };
		5A869D64214BB5EC00BB954D /* object.cpp in Sources */ = {isa = PBXBuildFile; fileRef = 5A869D51214BB5EC00BB954D /* object.cpp */; };
		5A869D65214BB5EC00BB954D /* shader.cpp in Sources */ = {isa = PBXBuildFile; fileRef = 5A869D52214BB5EC00BB954D /* shader.cpp */; };
		5A869D66214BB5EC00BB954D /* stb_image.cpp in Sources */ = {isa = PBXBuildFile; fileRef = 5A869D54214BB5EC00BB954D /* stb_image.cpp */; };
		5A869D67214BB5EC00BB954D /* texture.cpp in Sources */ = {isa = PBXBuildFile; fileRef = 5A869D57214BB5EC00BB954D /* texture.cpp */; };
		5ACB6D292159DBC0002A55DB /* OpenGLES.framework in Frameworks */ = {isa = PBXBuildFile; fileRef = 5ACB6D282159DBC0002A55DB /* OpenGLES.framework */; };
/* End PBXBuildFile section */

/* Begin PBXCopyFilesBuildPhase section */
		5A869D16214BB57100BB954D /* CopyFiles */ = {
			isa = PBXCopyFilesBuildPhase;
			buildActionMask = 2147483647;
			dstPath = "include/$(PRODUCT_NAME)";
			dstSubfolderSpec = 16;
			files = (
				5A869D1E214BB57100BB954D /* PipeLineCPP.h in CopyFiles */,
			);
			runOnlyForDeploymentPostprocessing = 0;
		};
/* End PBXCopyFilesBuildPhase section */

/* Begin PBXFileReference section */
		5A869D18214BB57100BB954D /* libPipeLineCPP.a */ = {isa = PBXFileReference; explicitFileType = archive.ar; includeInIndex = 0; path = libPipeLineCPP.a; sourceTree = BUILT_PRODUCTS_DIR; };
		5A869D1B214BB57100BB954D /* PipeLineCPP.h */ = {isa = PBXFileReference; lastKnownFileType = sourcecode.c.h; path = PipeLineCPP.h; sourceTree = "<group>"; };
		5A869D1C214BB57100BB954D /* PipeLineCPP.mm */ = {isa = PBXFileReference; lastKnownFileType = sourcecode.cpp.objcpp; path = PipeLineCPP.mm; sourceTree = "<group>"; };
		5A869D26214BB5E200BB954D /* interface_gpuimagecpp.hpp */ = {isa = PBXFileReference; fileEncoding = 4; lastKnownFileType = sourcecode.cpp.h; path = interface_gpuimagecpp.hpp; sourceTree = "<group>"; };
		5A869D2A214BB5EC00BB954D /* filter.hpp */ = {isa = PBXFileReference; fileEncoding = 4; lastKnownFileType = sourcecode.cpp.h; path = filter.hpp; sourceTree = "<group>"; };
		5A869D2B214BB5EC00BB954D /* gic_type.hpp */ = {isa = PBXFileReference; fileEncoding = 4; lastKnownFileType = sourcecode.cpp.h; path = gic_type.hpp; sourceTree = "<group>"; };
		5A869D2C214BB5EC00BB954D /* interface_gpuimagecpp.cpp */ = {isa = PBXFileReference; fileEncoding = 4; lastKnownFileType = sourcecode.cpp.cpp; path = interface_gpuimagecpp.cpp; sourceTree = "<group>"; };
		5A869D2D214BB5EC00BB954D /* object.hpp */ = {isa = PBXFileReference; fileEncoding = 4; lastKnownFileType = sourcecode.cpp.h; path = object.hpp; sourceTree = "<group>"; };
		5A869D2F214BB5EC00BB954D /* lock.h */ = {isa = PBXFileReference; fileEncoding = 4; lastKnownFileType = sourcecode.c.h; path = lock.h; sourceTree = "<group>"; };
		5A869D30214BB5EC00BB954D /* log.cpp */ = {isa = PBXFileReference; fileEncoding = 4; lastKnownFileType = sourcecode.cpp.cpp; path = log.cpp; sourceTree = "<group>"; };
		5A869D31214BB5EC00BB954D /* log.hpp */ = {isa = PBXFileReference; fileEncoding = 4; lastKnownFileType = sourcecode.cpp.h; path = log.hpp; sourceTree = "<group>"; };
		5A869D32214BB5EC00BB954D /* singleton.cpp */ = {isa = PBXFileReference; fileEncoding = 4; lastKnownFileType = sourcecode.cpp.cpp; path = singleton.cpp; sourceTree = "<group>"; };
		5A869D33214BB5EC00BB954D /* singleton.h */ = {isa = PBXFileReference; fileEncoding = 4; lastKnownFileType = sourcecode.c.h; path = singleton.h; sourceTree = "<group>"; };
		5A869D34214BB5EC00BB954D /* timer.cpp */ = {isa = PBXFileReference; fileEncoding = 4; lastKnownFileType = sourcecode.cpp.cpp; path = timer.cpp; sourceTree = "<group>"; };
		5A869D35214BB5EC00BB954D /* timer.hpp */ = {isa = PBXFileReference; fileEncoding = 4; lastKnownFileType = sourcecode.cpp.h; path = timer.hpp; sourceTree = "<group>"; };
		5A869D37214BB5EC00BB954D /* mult_window_filter.cpp */ = {isa = PBXFileReference; fileEncoding = 4; lastKnownFileType = sourcecode.cpp.cpp; path = mult_window_filter.cpp; sourceTree = "<group>"; };
		5A869D38214BB5EC00BB954D /* mult_window_filter.hpp */ = {isa = PBXFileReference; fileEncoding = 4; lastKnownFileType = sourcecode.cpp.h; path = mult_window_filter.hpp; sourceTree = "<group>"; };
		5A869D39214BB5EC00BB954D /* out_soul_filter.cpp */ = {isa = PBXFileReference; fileEncoding = 4; lastKnownFileType = sourcecode.cpp.cpp; path = out_soul_filter.cpp; sourceTree = "<group>"; };
		5A869D3A214BB5EC00BB954D /* out_soul_filter.hpp */ = {isa = PBXFileReference; fileEncoding = 4; lastKnownFileType = sourcecode.cpp.h; path = out_soul_filter.hpp; sourceTree = "<group>"; };
		5A869D3C214BB5EC00BB954D /* beautiful.fsh */ = {isa = PBXFileReference; fileEncoding = 4; lastKnownFileType = sourcecode.glsl; path = beautiful.fsh; sourceTree = "<group>"; };
		5A869D3D214BB5EC00BB954D /* blur.fsh */ = {isa = PBXFileReference; fileEncoding = 4; lastKnownFileType = sourcecode.glsl; path = blur.fsh; sourceTree = "<group>"; };
		5A869D3E214BB5EC00BB954D /* color_change.fsh */ = {isa = PBXFileReference; fileEncoding = 4; lastKnownFileType = sourcecode.glsl; path = color_change.fsh; sourceTree = "<group>"; };
		5A869D3F214BB5EC00BB954D /* colour.fsh */ = {isa = PBXFileReference; fileEncoding = 4; lastKnownFileType = sourcecode.glsl; path = colour.fsh; sourceTree = "<group>"; };
		5A869D40214BB5EC00BB954D /* default.vsh */ = {isa = PBXFileReference; fileEncoding = 4; lastKnownFileType = sourcecode.glsl; path = default.vsh; sourceTree = "<group>"; };
		5A869D41214BB5EC00BB954D /* inversion.fsh */ = {isa = PBXFileReference; fileEncoding = 4; lastKnownFileType = sourcecode.glsl; path = inversion.fsh; sourceTree = "<group>"; };
		5A869D42214BB5EC00BB954D /* mult_window.fsh */ = {isa = PBXFileReference; fileEncoding = 4; lastKnownFileType = sourcecode.glsl; path = mult_window.fsh; sourceTree = "<group>"; };
		5A869D43214BB5EC00BB954D /* outsoul.fsh */ = {isa = PBXFileReference; fileEncoding = 4; lastKnownFileType = sourcecode.glsl; path = outsoul.fsh; sourceTree = "<group>"; };
		5A869D44214BB5EC00BB954D /* shake.fsh */ = {isa = PBXFileReference; fileEncoding = 4; lastKnownFileType = sourcecode.glsl; path = shake.fsh; sourceTree = "<group>"; };
		5A869D45214BB5EC00BB954D /* sketches.fsh */ = {isa = PBXFileReference; fileEncoding = 4; lastKnownFileType = sourcecode.glsl; path = sketches.fsh; sourceTree = "<group>"; };
		5A869D46214BB5EC00BB954D /* thermal_radiation.fsh */ = {isa = PBXFileReference; fileEncoding = 4; lastKnownFileType = sourcecode.glsl; path = thermal_radiation.fsh; sourceTree = "<group>"; };
		5A869D47214BB5EC00BB954D /* shake_filter.cpp */ = {isa = PBXFileReference; fileEncoding = 4; lastKnownFileType = sourcecode.cpp.cpp; path = shake_filter.cpp; sourceTree = "<group>"; };
		5A869D48214BB5EC00BB954D /* shake_filter.hpp */ = {isa = PBXFileReference; fileEncoding = 4; lastKnownFileType = sourcecode.cpp.h; path = shake_filter.hpp; sourceTree = "<group>"; };
		5A869D4A214BB5EC00BB954D /* filter.cpp */ = {isa = PBXFileReference; fileEncoding = 4; lastKnownFileType = sourcecode.cpp.cpp; path = filter.cpp; sourceTree = "<group>"; };
		5A869D4B214BB5EC00BB954D /* filters_manage.cpp */ = {isa = PBXFileReference; fileEncoding = 4; lastKnownFileType = sourcecode.cpp.cpp; path = filters_manage.cpp; sourceTree = "<group>"; };
		5A869D4C214BB5EC00BB954D /* filters_manage.hpp */ = {isa = PBXFileReference; fileEncoding = 4; lastKnownFileType = sourcecode.cpp.h; path = filters_manage.hpp; sourceTree = "<group>"; };
		5A869D4E214BB5EC00BB954D /* framebuffer.cpp */ = {isa = PBXFileReference; fileEncoding = 4; lastKnownFileType = sourcecode.cpp.cpp; path = framebuffer.cpp; sourceTree = "<group>"; };
		5A869D4F214BB5EC00BB954D /* framebuffer.hpp */ = {isa = PBXFileReference; fileEncoding = 4; lastKnownFileType = sourcecode.cpp.h; path = framebuffer.hpp; sourceTree = "<group>"; };
		5A869D50214BB5EC00BB954D /* gic_gl.h */ = {isa = PBXFileReference; fileEncoding = 4; lastKnownFileType = sourcecode.c.h; path = gic_gl.h; sourceTree = "<group>"; };
		5A869D51214BB5EC00BB954D /* object.cpp */ = {isa = PBXFileReference; fileEncoding = 4; lastKnownFileType = sourcecode.cpp.cpp; path = object.cpp; sourceTree = "<group>"; };
		5A869D52214BB5EC00BB954D /* shader.cpp */ = {isa = PBXFileReference; fileEncoding = 4; lastKnownFileType = sourcecode.cpp.cpp; path = shader.cpp; sourceTree = "<group>"; };
		5A869D53214BB5EC00BB954D /* shader.hpp */ = {isa = PBXFileReference; fileEncoding = 4; lastKnownFileType = sourcecode.cpp.h; path = shader.hpp; sourceTree = "<group>"; };
		5A869D54214BB5EC00BB954D /* stb_image.cpp */ = {isa = PBXFileReference; fileEncoding = 4; lastKnownFileType = sourcecode.cpp.cpp; path = stb_image.cpp; sourceTree = "<group>"; };
		5A869D55214BB5EC00BB954D /* stb_image.h */ = {isa = PBXFileReference; fileEncoding = 4; lastKnownFileType = sourcecode.c.h; path = stb_image.h; sourceTree = "<group>"; };
		5A869D56214BB5EC00BB954D /* stb_image_write.h */ = {isa = PBXFileReference; fileEncoding = 4; lastKnownFileType = sourcecode.c.h; path = stb_image_write.h; sourceTree = "<group>"; };
		5A869D57214BB5EC00BB954D /* texture.cpp */ = {isa = PBXFileReference; fileEncoding = 4; lastKnownFileType = sourcecode.cpp.cpp; path = texture.cpp; sourceTree = "<group>"; };
		5A869D58214BB5EC00BB954D /* texture.hpp */ = {isa = PBXFileReference; fileEncoding = 4; lastKnownFileType = sourcecode.cpp.h; path = texture.hpp; sourceTree = "<group>"; };
		5A869D59214BB5EC00BB954D /* texture_options.h */ = {isa = PBXFileReference; fileEncoding = 4; lastKnownFileType = sourcecode.c.h; path = texture_options.h; sourceTree = "<group>"; };
		5ACB6D282159DBC0002A55DB /* OpenGLES.framework */ = {isa = PBXFileReference; lastKnownFileType = wrapper.framework; name = OpenGLES.framework; path = System/Library/Frameworks/OpenGLES.framework; sourceTree = SDKROOT; };
/* End PBXFileReference section */

/* Begin PBXFrameworksBuildPhase section */
		5A869D15214BB57100BB954D /* Frameworks */ = {
			isa = PBXFrameworksBuildPhase;
			buildActionMask = 2147483647;
			files = (
				5ACB6D292159DBC0002A55DB /* OpenGLES.framework in Frameworks */,
			);
			runOnlyForDeploymentPostprocessing = 0;
		};
/* End PBXFrameworksBuildPhase section */

/* Begin PBXGroup section */
		5A869D0F214BB57100BB954D = {
			isa = PBXGroup;
			children = (
				5A869D28214BB5EC00BB954D /* gpuimagecpp */,
				5A869D1A214BB57100BB954D /* PipeLineCPP */,
				5A869D19214BB57100BB954D /* Products */,
				5ACB6D272159DBBF002A55DB /* Frameworks */,
			);
			sourceTree = "<group>";
		};
		5A869D19214BB57100BB954D /* Products */ = {
			isa = PBXGroup;
			children = (
				5A869D18214BB57100BB954D /* libPipeLineCPP.a */,
			);
			name = Products;
			sourceTree = "<group>";
		};
		5A869D1A214BB57100BB954D /* PipeLineCPP */ = {
			isa = PBXGroup;
			children = (
				5A869D26214BB5E200BB954D /* interface_gpuimagecpp.hpp */,
				5A869D1B214BB57100BB954D /* PipeLineCPP.h */,
				5A869D1C214BB57100BB954D /* PipeLineCPP.mm */,
			);
			path = PipeLineCPP;
			sourceTree = "<group>";
		};
		5A869D28214BB5EC00BB954D /* gpuimagecpp */ = {
			isa = PBXGroup;
			children = (
				5A869D29214BB5EC00BB954D /* bridge */,
				5A869D2E214BB5EC00BB954D /* common */,
				5A869D36214BB5EC00BB954D /* effects */,
				5A869D49214BB5EC00BB954D /* filters */,
				5A869D4D214BB5EC00BB954D /* render */,
			);
			path = gpuimagecpp;
			sourceTree = "<group>";
		};
		5A869D29214BB5EC00BB954D /* bridge */ = {
			isa = PBXGroup;
			children = (
				5A869D2A214BB5EC00BB954D /* filter.hpp */,
				5A869D2B214BB5EC00BB954D /* gic_type.hpp */,
				5A869D2C214BB5EC00BB954D /* interface_gpuimagecpp.cpp */,
				5A869D2D214BB5EC00BB954D /* object.hpp */,
			);
			path = bridge;
			sourceTree = "<group>";
		};
		5A869D2E214BB5EC00BB954D /* common */ = {
			isa = PBXGroup;
			children = (
				5A869D2F214BB5EC00BB954D /* lock.h */,
				5A869D30214BB5EC00BB954D /* log.cpp */,
				5A869D31214BB5EC00BB954D /* log.hpp */,
				5A869D32214BB5EC00BB954D /* singleton.cpp */,
				5A869D33214BB5EC00BB954D /* singleton.h */,
				5A869D34214BB5EC00BB954D /* timer.cpp */,
				5A869D35214BB5EC00BB954D /* timer.hpp */,
			);
			path = common;
			sourceTree = "<group>";
		};
		5A869D36214BB5EC00BB954D /* effects */ = {
			isa = PBXGroup;
			children = (
				5A869D37214BB5EC00BB954D /* mult_window_filter.cpp */,
				5A869D38214BB5EC00BB954D /* mult_window_filter.hpp */,
				5A869D39214BB5EC00BB954D /* out_soul_filter.cpp */,
				5A869D3A214BB5EC00BB954D /* out_soul_filter.hpp */,
				5A869D3B214BB5EC00BB954D /* shaders */,
				5A869D47214BB5EC00BB954D /* shake_filter.cpp */,
				5A869D48214BB5EC00BB954D /* shake_filter.hpp */,
			);
			path = effects;
			sourceTree = "<group>";
		};
		5A869D3B214BB5EC00BB954D /* shaders */ = {
			isa = PBXGroup;
			children = (
				5A869D3C214BB5EC00BB954D /* beautiful.fsh */,
				5A869D3D214BB5EC00BB954D /* blur.fsh */,
				5A869D3E214BB5EC00BB954D /* color_change.fsh */,
				5A869D3F214BB5EC00BB954D /* colour.fsh */,
				5A869D40214BB5EC00BB954D /* default.vsh */,
				5A869D41214BB5EC00BB954D /* inversion.fsh */,
				5A869D42214BB5EC00BB954D /* mult_window.fsh */,
				5A869D43214BB5EC00BB954D /* outsoul.fsh */,
				5A869D44214BB5EC00BB954D /* shake.fsh */,
				5A869D45214BB5EC00BB954D /* sketches.fsh */,
				5A869D46214BB5EC00BB954D /* thermal_radiation.fsh */,
			);
			path = shaders;
			sourceTree = "<group>";
		};
		5A869D49214BB5EC00BB954D /* filters */ = {
			isa = PBXGroup;
			children = (
				5A869D4A214BB5EC00BB954D /* filter.cpp */,
				5A869D4B214BB5EC00BB954D /* filters_manage.cpp */,
				5A869D4C214BB5EC00BB954D /* filters_manage.hpp */,
			);
			path = filters;
			sourceTree = "<group>";
		};
		5A869D4D214BB5EC00BB954D /* render */ = {
			isa = PBXGroup;
			children = (
				5A869D4E214BB5EC00BB954D /* framebuffer.cpp */,
				5A869D4F214BB5EC00BB954D /* framebuffer.hpp */,
				5A869D50214BB5EC00BB954D /* gic_gl.h */,
				5A869D51214BB5EC00BB954D /* object.cpp */,
				5A869D52214BB5EC00BB954D /* shader.cpp */,
				5A869D53214BB5EC00BB954D /* shader.hpp */,
				5A869D54214BB5EC00BB954D /* stb_image.cpp */,
				5A869D55214BB5EC00BB954D /* stb_image.h */,
				5A869D56214BB5EC00BB954D /* stb_image_write.h */,
				5A869D57214BB5EC00BB954D /* texture.cpp */,
				5A869D58214BB5EC00BB954D /* texture.hpp */,
				5A869D59214BB5EC00BB954D /* texture_options.h */,
			);
			path = render;
			sourceTree = "<group>";
		};
		5ACB6D272159DBBF002A55DB /* Frameworks */ = {
			isa = PBXGroup;
			children = (
				5ACB6D282159DBC0002A55DB /* OpenGLES.framework */,
			);
			name = Frameworks;
			sourceTree = "<group>";
		};
/* End PBXGroup section */

/* Begin PBXNativeTarget section */
		5A869D17214BB57100BB954D /* PipeLineCPP */ = {
			isa = PBXNativeTarget;
			buildConfigurationList = 5A869D21214BB57100BB954D /* Build configuration list for PBXNativeTarget "PipeLineCPP" */;
			buildPhases = (
				5A869D14214BB57100BB954D /* Sources */,
				5A869D15214BB57100BB954D /* Frameworks */,
				5A869D16214BB57100BB954D /* CopyFiles */,
			);
			buildRules = (
			);
			dependencies = (
			);
			name = PipeLineCPP;
			productName = PipeLineCPP;
			productReference = 5A869D18214BB57100BB954D /* libPipeLineCPP.a */;
			productType = "com.apple.product-type.library.static";
		};
/* End PBXNativeTarget section */

/* Begin PBXProject section */
		5A869D10214BB57100BB954D /* Project object */ = {
			isa = PBXProject;
			attributes = {
				LastUpgradeCheck = 0900;
				ORGANIZATIONNAME = hanliu;
				TargetAttributes = {
					5A869D17214BB57100BB954D = {
						CreatedOnToolsVersion = 9.0;
						ProvisioningStyle = Automatic;
					};
				};
			};
			buildConfigurationList = 5A869D13214BB57100BB954D /* Build configuration list for PBXProject "PipeLineCPP" */;
			compatibilityVersion = "Xcode 8.0";
			developmentRegion = en;
			hasScannedForEncodings = 0;
			knownRegions = (
				en,
			);
			mainGroup = 5A869D0F214BB57100BB954D;
			productRefGroup = 5A869D19214BB57100BB954D /* Products */;
			projectDirPath = "";
			projectRoot = "";
			targets = (
				5A869D17214BB57100BB954D /* PipeLineCPP */,
			);
		};
/* End PBXProject section */

/* Begin PBXSourcesBuildPhase section */
		5A869D14214BB57100BB954D /* Sources */ = {
			isa = PBXSourcesBuildPhase;
			buildActionMask = 2147483647;
			files = (
				5A869D65214BB5EC00BB954D /* shader.cpp in Sources */,
				5A869D5A214BB5EC00BB954D /* interface_gpuimagecpp.cpp in Sources */,
				5A869D64214BB5EC00BB954D /* object.cpp in Sources */,
				5A869D63214BB5EC00BB954D /* framebuffer.cpp in Sources */,
				5A869D5C214BB5EC00BB954D /* singleton.cpp in Sources */,
				5A869D1D214BB57100BB954D /* PipeLineCPP.mm in Sources */,
				5A869D5F214BB5EC00BB954D /* out_soul_filter.cpp in Sources */,
				5A869D5B214BB5EC00BB954D /* log.cpp in Sources */,
				5A869D60214BB5EC00BB954D /* shake_filter.cpp in Sources */,
				5A869D62214BB5EC00BB954D /* filters_manage.cpp in Sources */,
				5A869D61214BB5EC00BB954D /* filter.cpp in Sources */,
				5A869D66214BB5EC00BB954D /* stb_image.cpp in Sources */,
				5A869D67214BB5EC00BB954D /* texture.cpp in Sources */,
				5A869D5D214BB5EC00BB954D /* timer.cpp in Sources */,
				5A869D5E214BB5EC00BB954D /* mult_window_filter.cpp in Sources */,
			);
			runOnlyForDeploymentPostprocessing = 0;
		};
/* End PBXSourcesBuildPhase section */

/* Begin XCBuildConfiguration section */
		5A869D1F214BB57100BB954D /* Debug */ = {
			isa = XCBuildConfiguration;
			buildSettings = {
				ALWAYS_SEARCH_USER_PATHS = NO;
				CLANG_ANALYZER_NONNULL = YES;
				CLANG_ANALYZER_NUMBER_OBJECT_CONVERSION = YES_AGGRESSIVE;
				CLANG_CXX_LANGUAGE_STANDARD = "gnu++14";
				CLANG_CXX_LIBRARY = "libc++";
				CLANG_ENABLE_MODULES = YES;
				CLANG_ENABLE_OBJC_ARC = YES;
				CLANG_WARN_BLOCK_CAPTURE_AUTORELEASING = YES;
				CLANG_WARN_BOOL_CONVERSION = YES;
				CLANG_WARN_COMMA = YES;
				CLANG_WARN_CONSTANT_CONVERSION = YES;
				CLANG_WARN_DIRECT_OBJC_ISA_USAGE = YES_ERROR;
				CLANG_WARN_DOCUMENTATION_COMMENTS = YES;
				CLANG_WARN_EMPTY_BODY = YES;
				CLANG_WARN_ENUM_CONVERSION = YES;
				CLANG_WARN_INFINITE_RECURSION = YES;
				CLANG_WARN_INT_CONVERSION = YES;
				CLANG_WARN_NON_LITERAL_NULL_CONVERSION = YES;
				CLANG_WARN_OBJC_LITERAL_CONVERSION = YES;
				CLANG_WARN_OBJC_ROOT_CLASS = YES_ERROR;
				CLANG_WARN_RANGE_LOOP_ANALYSIS = YES;
				CLANG_WARN_STRICT_PROTOTYPES = YES;
				CLANG_WARN_SUSPICIOUS_MOVE = YES;
				CLANG_WARN_UNGUARDED_AVAILABILITY = YES_AGGRESSIVE;
				CLANG_WARN_UNREACHABLE_CODE = YES;
				CLANG_WARN__DUPLICATE_METHOD_MATCH = YES;
				CODE_SIGN_IDENTITY = "iPhone Developer";
				COPY_PHASE_STRIP = NO;
				DEBUG_INFORMATION_FORMAT = dwarf;
				ENABLE_STRICT_OBJC_MSGSEND = YES;
				ENABLE_TESTABILITY = YES;
				GCC_C_LANGUAGE_STANDARD = gnu11;
				GCC_DYNAMIC_NO_PIC = NO;
				GCC_NO_COMMON_BLOCKS = YES;
				GCC_OPTIMIZATION_LEVEL = 0;
				GCC_PREPROCESSOR_DEFINITIONS = (
					"DEBUG=1",
					"$(inherited)",
				);
				GCC_WARN_64_TO_32_BIT_CONVERSION = YES;
				GCC_WARN_ABOUT_RETURN_TYPE = YES_ERROR;
				GCC_WARN_UNDECLARED_SELECTOR = YES;
				GCC_WARN_UNINITIALIZED_AUTOS = YES_AGGRESSIVE;
				GCC_WARN_UNUSED_FUNCTION = YES;
				GCC_WARN_UNUSED_VARIABLE = YES;
				IPHONEOS_DEPLOYMENT_TARGET = 11.0;
				MTL_ENABLE_DEBUG_INFO = YES;
				ONLY_ACTIVE_ARCH = YES;
				SDKROOT = iphoneos;
			};
			name = Debug;
		};
		5A869D20214BB57100BB954D /* Release */ = {
			isa = XCBuildConfiguration;
			buildSettings = {
				ALWAYS_SEARCH_USER_PATHS = NO;
				CLANG_ANALYZER_NONNULL = YES;
				CLANG_ANALYZER_NUMBER_OBJECT_CONVERSION = YES_AGGRESSIVE;
				CLANG_CXX_LANGUAGE_STANDARD = "gnu++14";
				CLANG_CXX_LIBRARY = "libc++";
				CLANG_ENABLE_MODULES = YES;
				CLANG_ENABLE_OBJC_ARC = YES;
				CLANG_WARN_BLOCK_CAPTURE_AUTORELEASING = YES;
				CLANG_WARN_BOOL_CONVERSION = YES;
				CLANG_WARN_COMMA = YES;
				CLANG_WARN_CONSTANT_CONVERSION = YES;
				CLANG_WARN_DIRECT_OBJC_ISA_USAGE = YES_ERROR;
				CLANG_WARN_DOCUMENTATION_COMMENTS = YES;
				CLANG_WARN_EMPTY_BODY = YES;
				CLANG_WARN_ENUM_CONVERSION = YES;
				CLANG_WARN_INFINITE_RECURSION = YES;
				CLANG_WARN_INT_CONVERSION = YES;
				CLANG_WARN_NON_LITERAL_NULL_CONVERSION = YES;
				CLANG_WARN_OBJC_LITERAL_CONVERSION = YES;
				CLANG_WARN_OBJC_ROOT_CLASS = YES_ERROR;
				CLANG_WARN_RANGE_LOOP_ANALYSIS = YES;
				CLANG_WARN_STRICT_PROTOTYPES = YES;
				CLANG_WARN_SUSPICIOUS_MOVE = YES;
				CLANG_WARN_UNGUARDED_AVAILABILITY = YES_AGGRESSIVE;
				CLANG_WARN_UNREACHABLE_CODE = YES;
				CLANG_WARN__DUPLICATE_METHOD_MATCH = YES;
				CODE_SIGN_IDENTITY = "iPhone Developer";
				COPY_PHASE_STRIP = NO;
				DEBUG_INFORMATION_FORMAT = "dwarf-with-dsym";
				ENABLE_NS_ASSERTIONS = NO;
				ENABLE_STRICT_OBJC_MSGSEND = YES;
				GCC_C_LANGUAGE_STANDARD = gnu11;
				GCC_NO_COMMON_BLOCKS = YES;
				GCC_WARN_64_TO_32_BIT_CONVERSION = YES;
				GCC_WARN_ABOUT_RETURN_TYPE = YES_ERROR;
				GCC_WARN_UNDECLARED_SELECTOR = YES;
				GCC_WARN_UNINITIALIZED_AUTOS = YES_AGGRESSIVE;
				GCC_WARN_UNUSED_FUNCTION = YES;
				GCC_WARN_UNUSED_VARIABLE = YES;
				IPHONEOS_DEPLOYMENT_TARGET = 11.0;
				MTL_ENABLE_DEBUG_INFO = NO;
				SDKROOT = iphoneos;
				VALIDATE_PRODUCT = YES;
			};
			name = Release;
		};
		5A869D22214BB57100BB954D /* Debug */ = {
			isa = XCBuildConfiguration;
			buildSettings = {
				CLANG_CXX_LANGUAGE_STANDARD = "gnu++0x";
				CODE_SIGN_STYLE = Automatic;
				DEVELOPMENT_TEAM = 9846B32FFU;
				OTHER_LDFLAGS = "-ObjC";
				PRODUCT_NAME = "$(TARGET_NAME)";
				SKIP_INSTALL = YES;
				TARGETED_DEVICE_FAMILY = "1,2";
			};
			name = Debug;
		};
		5A869D23214BB57100BB954D /* Release */ = {
			isa = XCBuildConfiguration;
			buildSettings = {
				CLANG_CXX_LANGUAGE_STANDARD = "gnu++0x";
				CODE_SIGN_STYLE = Automatic;
				DEVELOPMENT_TEAM = 9846B32FFU;
				OTHER_LDFLAGS = "-ObjC";
				PRODUCT_NAME = "$(TARGET_NAME)";
				SKIP_INSTALL = YES;
				TARGETED_DEVICE_FAMILY = "1,2";
			};
			name = Release;
		};
/* End XCBuildConfiguration section */

/* Begin XCConfigurationList section */
		5A869D13214BB57100BB954D /* Build configuration list for PBXProject "PipeLineCPP" */ = {
			isa = XCConfigurationList;
			buildConfigurations = (
				5A869D1F214BB57100BB954D /* Debug */,
				5A869D20214BB57100BB954D /* Release */,
			);
			defaultConfigurationIsVisible = 0;
			defaultConfigurationName = Release;
		};
		5A869D21214BB57100BB954D /* Build configuration list for PBXNativeTarget "PipeLineCPP" */ = {
			isa = XCConfigurationList;
			buildConfigurations = (
				5A869D22214BB57100BB954D /* Debug */,
				5A869D23214BB57100BB954D /* Release */,
			);
			defaultConfigurationIsVisible = 0;
			defaultConfigurationName = Release;
		};
/* End XCConfigurationList section */
	};
	rootObject = 5A869D10214BB57100BB954D /* Project object */;
}
